{
  "name": "sequra",
  "version": "1.0.0",
  "lockfileVersion": 1,
  "requires": true,
  "dependencies": {
    "@types/flickity": {
      "version": "2.2.4",
      "resolved": "https://registry.npmjs.org/@types/flickity/-/flickity-2.2.4.tgz",
      "integrity": "sha512-Ttrsq3jVXug+LUXxewC9l/0h6PFh9nEUmz9l6Ezv+Q9ip79cDomLkqk4rCs/M//qQkvyiTLQ1xxgCMs336AyGQ=="
    },
    "cookie": {
      "version": "0.4.1",
      "resolved": "https://registry.npmjs.org/cookie/-/cookie-0.4.1.tgz",
      "integrity": "sha512-ZwrFkGJxUR3EIoXtO+yVE69Eb7KlixbaeAWfBQB9vVsNn/o+Yw69gBWSSDK825hQNdN+wF8zELf3dFNl/kxkUA=="
    }
  }
}
